
Microsoft Visual Studio Solution File, Format Version 12.00
# Visual Studio 15
VisualStudioVersion = 15.0.26730.12
MinimumVisualStudioVersion = 10.0.40219.1
Project("{FAE04EC0-301F-11D3-BF4B-00C04F79EFBC}") = "RMQ.Web", "RMQ.Web\RMQ.Web.csproj", "{FD3D4D22-876F-4062-8607-DA92559BCE99}"
EndProject
Project("{FAE04EC0-301F-11D3-BF4B-00C04F79EFBC}") = "RMQ.Core", "RMQ.Core\RMQ.Core.csproj", "{42472B50-D972-4511-9635-ADF0681B868C}"
EndProject
Project("{FAE04EC0-301F-11D3-BF4B-00C04F79EFBC}") = "RMQ.WinService", "RMQ.WinService\RMQ.WinService.csproj", "{955C1B6B-4E5D-4A27-8A27-C11A1F72BB3B}"
EndProject
Project("{FAE04EC0-301F-11D3-BF4B-00C04F79EFBC}") = "RMQ.WinService.Core", "RMQ.WinService.Core\RMQ.WinService.Core.csproj", "{9CF50EC6-02AC-4056-AAE9-CFC55E6E3E7B}"
EndProject
Project("{FAE04EC0-301F-11D3-BF4B-00C04F79EFBC}") = "RMQ.Utility", "RMQ.Utility\RMQ.Utility.csproj", "{5C08EB5D-C7E7-4A54-B031-1C868DB2E0E3}"
EndProject
Project("{FAE04EC0-301F-11D3-BF4B-00C04F79EFBC}") = "RMQ.WebApi", "RMQ.WebApi\RMQ.WebApi.csproj", "{B02D9F7D-14C8-4737-86EA-972E05AE2019}"
EndProject
Project("{FAE04EC0-301F-11D3-BF4B-00C04F79EFBC}") = "RMQ.Job", "RMQ.Job\RMQ.Job.csproj", "{77C187EF-CEAA-4092-A9C8-407E24844851}"
EndProject
Global
	GlobalSection(SolutionConfigurationPlatforms) = preSolution
		Debug|Any CPU = Debug|Any CPU
		Release|Any CPU = Release|Any CPU
	EndGlobalSection
	GlobalSection(ProjectConfigurationPlatforms) = postSolution
		{FD3D4D22-876F-4062-8607-DA92559BCE99}.Debug|Any CPU.ActiveCfg = Debug|Any CPU
		{FD3D4D22-876F-4062-8607-DA92559BCE99}.Debug|Any CPU.Build.0 = Debug|Any CPU
		{FD3D4D22-876F-4062-8607-DA92559BCE99}.Release|Any CPU.ActiveCfg = Release|Any CPU
		{FD3D4D22-876F-4062-8607-DA92559BCE99}.Release|Any CPU.Build.0 = Release|Any CPU
		{42472B50-D972-4511-9635-ADF0681B868C}.Debug|Any CPU.ActiveCfg = Debug|Any CPU
		{42472B50-D972-4511-9635-ADF0681B868C}.Debug|Any CPU.Build.0 = Debug|Any CPU
		{42472B50-D972-4511-9635-ADF0681B868C}.Release|Any CPU.ActiveCfg = Release|Any CPU
		{42472B50-D972-4511-9635-ADF0681B868C}.Release|Any CPU.Build.0 = Release|Any CPU
		{955C1B6B-4E5D-4A27-8A27-C11A1F72BB3B}.Debug|Any CPU.ActiveCfg = Debug|Any CPU
		{955C1B6B-4E5D-4A27-8A27-C11A1F72BB3B}.Debug|Any CPU.Build.0 = Debug|Any CPU
		{955C1B6B-4E5D-4A27-8A27-C11A1F72BB3B}.Release|Any CPU.ActiveCfg = Release|Any CPU
		{955C1B6B-4E5D-4A27-8A27-C11A1F72BB3B}.Release|Any CPU.Build.0 = Release|Any CPU
		{9CF50EC6-02AC-4056-AAE9-CFC55E6E3E7B}.Debug|Any CPU.ActiveCfg = Debug|Any CPU
		{9CF50EC6-02AC-4056-AAE9-CFC55E6E3E7B}.Debug|Any CPU.Build.0 = Debug|Any CPU
		{9CF50EC6-02AC-4056-AAE9-CFC55E6E3E7B}.Release|Any CPU.ActiveCfg = Release|Any CPU
		{9CF50EC6-02AC-4056-AAE9-CFC55E6E3E7B}.Release|Any CPU.Build.0 = Release|Any CPU
		{5C08EB5D-C7E7-4A54-B031-1C868DB2E0E3}.Debug|Any CPU.ActiveCfg = Debug|Any CPU
		{5C08EB5D-C7E7-4A54-B031-1C868DB2E0E3}.Debug|Any CPU.Build.0 = Debug|Any CPU
		{5C08EB5D-C7E7-4A54-B031-1C868DB2E0E3}.Release|Any CPU.ActiveCfg = Release|Any CPU
		{5C08EB5D-C7E7-4A54-B031-1C868DB2E0E3}.Release|Any CPU.Build.0 = Release|Any CPU
		{B02D9F7D-14C8-4737-86EA-972E05AE2019}.Debug|Any CPU.ActiveCfg = Debug|Any CPU
		{B02D9F7D-14C8-4737-86EA-972E05AE2019}.Debug|Any CPU.Build.0 = Debug|Any CPU
		{B02D9F7D-14C8-4737-86EA-972E05AE2019}.Release|Any CPU.ActiveCfg = Release|Any CPU
		{B02D9F7D-14C8-4737-86EA-972E05AE2019}.Release|Any CPU.Build.0 = Release|Any CPU
		{77C187EF-CEAA-4092-A9C8-407E24844851}.Debug|Any CPU.ActiveCfg = Debug|Any CPU
		{77C187EF-CEAA-4092-A9C8-407E24844851}.Debug|Any CPU.Build.0 = Debug|Any CPU
		{77C187EF-CEAA-4092-A9C8-407E24844851}.Release|Any CPU.ActiveCfg = Release|Any CPU
		{77C187EF-CEAA-4092-A9C8-407E24844851}.Release|Any CPU.Build.0 = Release|Any CPU
	EndGlobalSection
	GlobalSection(SolutionProperties) = preSolution
		HideSolutionNode = FALSE
	EndGlobalSection
	GlobalSection(ExtensibilityGlobals) = postSolution
		SolutionGuid = {F0CDFE66-7FBA-4037-A71D-B7BB8D0706F0}
	EndGlobalSection
EndGlobal
